{
  "originHash" : "a58e9ff6e7abac2c5901b2e0f8d4f696a7a7da099333adf183e1d437720916b9",
  "pins" : [
    {
      "identity" : "gate-ios",
      "kind" : "remoteSourceControl",
      "location" : "https://github.com/GateAI-net/gate-ios",
      "state" : {
        "revision" : "8acd2c304690675ff9aafe9752cbb0ff955629e4",
        "version" : "1.1.0"
      }
    }
  ],
  "version" : 3
}
